{
  "name": "rt3",
  "version": "1.0.0",
  "lockfileVersion": 3,
  "requires": true,
  "packages": {
    "": {
      "name": "rt3",
      "version": "1.0.0",
      "license": "ISC",
      "dependencies": {
        "modulo-rt3": "file:../Modulo-RT3"
      }
    },
    "../Modulo-RT3": {
      "name": "modulo-rt3",
      "version": "1.0.0",
      "license": "ISC"
    },
    "node_modules/modulo-rt3": {
      "resolved": "../Modulo-RT3",
      "link": true
    }
  }
}
